
Microsoft Visual Studio Solution File, Format Version 11.00
# Visual Studio 2010
Project("{FAE04EC0-301F-11D3-BF4B-00C04F79EFBC}") = "Assembly-CSharp", "Assembly-CSharp.csproj", "{A5197599-E515-8C7D-8E5E-D0205F767192}"
EndProject
Project("{FAE04EC0-301F-11D3-BF4B-00C04F79EFBC}") = "Assembly-CSharp-Editor", "Assembly-CSharp-Editor.csproj", "{4BD86CD0-8CFB-C128-7BC1-494EE1374C8D}"
EndProject
Global
	GlobalSection(SolutionConfigurationPlatforms) = preSolution
		Debug|Any CPU = Debug|Any CPU
		Release|Any CPU = Release|Any CPU
	EndGlobalSection
	GlobalSection(ProjectConfigurationPlatforms) = postSolution
		{A5197599-E515-8C7D-8E5E-D0205F767192}.Debug|Any CPU.ActiveCfg = Debug|Any CPU
		{A5197599-E515-8C7D-8E5E-D0205F767192}.Debug|Any CPU.Build.0 = Debug|Any CPU
		{A5197599-E515-8C7D-8E5E-D0205F767192}.Release|Any CPU.ActiveCfg = Release|Any CPU
		{A5197599-E515-8C7D-8E5E-D0205F767192}.Release|Any CPU.Build.0 = Release|Any CPU
		{4BD86CD0-8CFB-C128-7BC1-494EE1374C8D}.Debug|Any CPU.ActiveCfg = Debug|Any CPU
		{4BD86CD0-8CFB-C128-7BC1-494EE1374C8D}.Debug|Any CPU.Build.0 = Debug|Any CPU
		{4BD86CD0-8CFB-C128-7BC1-494EE1374C8D}.Release|Any CPU.ActiveCfg = Release|Any CPU
		{4BD86CD0-8CFB-C128-7BC1-494EE1374C8D}.Release|Any CPU.Build.0 = Release|Any CPU
	EndGlobalSection
	GlobalSection(SolutionProperties) = preSolution
		HideSolutionNode = FALSE
	EndGlobalSection
	GlobalSection(MonoDevelopProperties) = preSolution
		StartupItem = Assembly-CSharp.csproj
	EndGlobalSection
EndGlobal
